
Microsoft Visual Studio Solution File, Format Version 12.00
# Visual Studio Version 17
VisualStudioVersion = 17.10.35013.160
MinimumVisualStudioVersion = 10.0.40219.1
Project("{FAE04EC0-301F-11D3-BF4B-00C04F79EFBC}") = "cqrswith8.0", "cqrswith8.0.csproj", "{9B523EA0-DB56-4BCE-A865-2F029A6BE38F}"
EndProject
Global
	GlobalSection(SolutionConfigurationPlatforms) = preSolution
		Debug|Any CPU = Debug|Any CPU
		Release|Any CPU = Release|Any CPU
	EndGlobalSection
	GlobalSection(ProjectConfigurationPlatforms) = postSolution
		{9B523EA0-DB56-4BCE-A865-2F029A6BE38F}.Debug|Any CPU.ActiveCfg = Debug|Any CPU
		{9B523EA0-DB56-4BCE-A865-2F029A6BE38F}.Debug|Any CPU.Build.0 = Debug|Any CPU
		{9B523EA0-DB56-4BCE-A865-2F029A6BE38F}.Release|Any CPU.ActiveCfg = Release|Any CPU
		{9B523EA0-DB56-4BCE-A865-2F029A6BE38F}.Release|Any CPU.Build.0 = Release|Any CPU
	EndGlobalSection
	GlobalSection(SolutionProperties) = preSolution
		HideSolutionNode = FALSE
	EndGlobalSection
	GlobalSection(ExtensibilityGlobals) = postSolution
		SolutionGuid = {1993861B-C29C-4B85-822C-B34F550D7736}
	EndGlobalSection
EndGlobal
